
Microsoft Visual Studio Solution File, Format Version 12.00
# Visual Studio Version 17
VisualStudioVersion = 17.13.35818.85
MinimumVisualStudioVersion = 10.0.40219.1
Project("{FAE04EC0-301F-11D3-BF4B-00C04F79EFBC}") = "Repository", "Repository\Repository.csproj", "{A0F890F8-AA9D-475C-BA02-24A369B22A31}"
EndProject
Project("{FAE04EC0-301F-11D3-BF4B-00C04F79EFBC}") = "Service", "Service\Service.csproj", "{8003A795-8D6E-4B41-B2BD-8937974BB282}"
EndProject
Project("{FAE04EC0-301F-11D3-BF4B-00C04F79EFBC}") = "PharmaceuticalManagement_PhamVietDuc1", "PharmaceuticalManagement_PhamVietDuc1\PharmaceuticalManagement_PhamVietDuc1.csproj", "{CEE3B392-7264-487E-BC12-51E394717384}"
EndProject
Global
	GlobalSection(SolutionConfigurationPlatforms) = preSolution
		Debug|Any CPU = Debug|Any CPU
		Release|Any CPU = Release|Any CPU
	EndGlobalSection
	GlobalSection(ProjectConfigurationPlatforms) = postSolution
		{A0F890F8-AA9D-475C-BA02-24A369B22A31}.Debug|Any CPU.ActiveCfg = Debug|Any CPU
		{A0F890F8-AA9D-475C-BA02-24A369B22A31}.Debug|Any CPU.Build.0 = Debug|Any CPU
		{A0F890F8-AA9D-475C-BA02-24A369B22A31}.Release|Any CPU.ActiveCfg = Release|Any CPU
		{A0F890F8-AA9D-475C-BA02-24A369B22A31}.Release|Any CPU.Build.0 = Release|Any CPU
		{8003A795-8D6E-4B41-B2BD-8937974BB282}.Debug|Any CPU.ActiveCfg = Debug|Any CPU
		{8003A795-8D6E-4B41-B2BD-8937974BB282}.Debug|Any CPU.Build.0 = Debug|Any CPU
		{8003A795-8D6E-4B41-B2BD-8937974BB282}.Release|Any CPU.ActiveCfg = Release|Any CPU
		{8003A795-8D6E-4B41-B2BD-8937974BB282}.Release|Any CPU.Build.0 = Release|Any CPU
		{CEE3B392-7264-487E-BC12-51E394717384}.Debug|Any CPU.ActiveCfg = Debug|Any CPU
		{CEE3B392-7264-487E-BC12-51E394717384}.Debug|Any CPU.Build.0 = Debug|Any CPU
		{CEE3B392-7264-487E-BC12-51E394717384}.Release|Any CPU.ActiveCfg = Release|Any CPU
		{CEE3B392-7264-487E-BC12-51E394717384}.Release|Any CPU.Build.0 = Release|Any CPU
	EndGlobalSection
	GlobalSection(SolutionProperties) = preSolution
		HideSolutionNode = FALSE
	EndGlobalSection
	GlobalSection(ExtensibilityGlobals) = postSolution
		SolutionGuid = {99644FD2-D00B-43F9-B566-80DF48D01B58}
	EndGlobalSection
EndGlobal
